<?xml version="1.0" encoding="utf-8"?>
<Project ToolsVersion="4.0" xmlns="http://schemas.microsoft.com/developer/msbuild/2003">
  <ItemGroup>
    <Filter Include="ZombiFPS">
      <UniqueIdentifier>{4FC737F1-C7A5-4376-A066-2A32D752A2FF}</UniqueIdentifier>
      <Extensions>cpp;c;cc;cxx;def;odl;idl;hpj;bat;asm;asmx</Extensions>
    </Filter>
    <Filter Include="ZombiFPS\Main">
      <UniqueIdentifier>{ff55cb12-35a0-490e-a9a1-6be7bed4faaf}</UniqueIdentifier>
    </Filter>
    <Filter Include="ZombiFPS\System">
      <UniqueIdentifier>{253d590e-9e94-452a-bc7a-8b4547874815}</UniqueIdentifier>
    </Filter>
    <Filter Include="ZombiFPS\System\GameManager">
      <UniqueIdentifier>{71f35da0-3c1e-4c27-8e8e-7bf9a5cb5822}</UniqueIdentifier>
    </Filter>
    <Filter Include="ZombiFPS\System\Scene">
      <UniqueIdentifier>{d1941093-e148-4b9d-a651-5f9cad8646f4}</UniqueIdentifier>
    </Filter>
    <Filter Include="ZombiFPS\System\SceneUI">
      <UniqueIdentifier>{dc7cb7d7-0c7b-4c11-9761-02598bac74d2}</UniqueIdentifier>
    </Filter>
    <Filter Include="ZombiFPS\System\Scene\SceneBase">
      <UniqueIdentifier>{21c9bf82-3034-48f6-93f7-fbdc9d697a34}</UniqueIdentifier>
    </Filter>
    <Filter Include="ZombiFPS\System\SceneUI\SceneUIBase">
      <UniqueIdentifier>{225d09c6-04e6-452e-a0db-34f7765415a2}</UniqueIdentifier>
    </Filter>
    <Filter Include="ZombiFPS\System\FrameRateManager">
      <UniqueIdentifier>{f6f4a13e-6bd9-4fc3-915c-b9592f86fa23}</UniqueIdentifier>
    </Filter>
    <Filter Include="ZombiFPS\System\DataLoad">
      <UniqueIdentifier>{03eb2b2e-0a56-4dc5-9176-61d125585f62}</UniqueIdentifier>
    </Filter>
    <Filter Include="ZombiFPS\System\DataLoad\ImageDataManager">
      <UniqueIdentifier>{3c27cac9-6aaa-4838-81d6-88890c16030e}</UniqueIdentifier>
    </Filter>
    <Filter Include="ZombiFPS\System\DataLoad\ModleDataManager">
      <UniqueIdentifier>{f5a14349-b195-4720-b173-14978df2d76c}</UniqueIdentifier>
    </Filter>
    <Filter Include="ZombiFPS\System\DataLoad\SoundDataManager">
      <UniqueIdentifier>{4829d0db-ef70-43cc-8951-3b4a09c17544}</UniqueIdentifier>
    </Filter>
    <Filter Include="ZombiFPS\System\DataLoad\EffectDataManager">
      <UniqueIdentifier>{0c286570-4616-4c63-82de-a04623d05cca}</UniqueIdentifier>
    </Filter>
    <Filter Include="ZombiFPS\System\Sound">
      <UniqueIdentifier>{051da761-b455-41bc-8646-ca8c784d703b}</UniqueIdentifier>
    </Filter>
    <Filter Include="ZombiFPS\System\Effect">
      <UniqueIdentifier>{14b02818-c6d6-4fb1-a6f2-4ff984dc2e54}</UniqueIdentifier>
    </Filter>
  </ItemGroup>
  <ItemGroup>
    <ClCompile Include="Main.cpp">
      <Filter>ZombiFPS\Main</Filter>
    </ClCompile>
    <ClCompile Include="Game.cpp">
      <Filter>ZombiFPS\System\GameManager</Filter>
    </ClCompile>
    <ClCompile Include="SceneBase.cpp">
      <Filter>ZombiFPS\System\Scene\SceneBase</Filter>
    </ClCompile>
    <ClCompile Include="SceneUIBase.cpp">
      <Filter>ZombiFPS\System\SceneUI\SceneUIBase</Filter>
    </ClCompile>
    <ClCompile Include="TitleScene.cpp">
      <Filter>ZombiFPS\System\Scene</Filter>
    </ClCompile>
    <ClCompile Include="GameScene.cpp">
      <Filter>ZombiFPS\System\Scene</Filter>
    </ClCompile>
    <ClCompile Include="ResultScene.cpp">
      <Filter>ZombiFPS\System\Scene</Filter>
    </ClCompile>
    <ClCompile Include="TitleSceneUI.cpp">
      <Filter>ZombiFPS\System\SceneUI</Filter>
    </ClCompile>
    <ClCompile Include="GameSceneUI.cpp">
      <Filter>ZombiFPS\System\SceneUI</Filter>
    </ClCompile>
    <ClCompile Include="ResultSceneUI.cpp">
      <Filter>ZombiFPS\System\SceneUI</Filter>
    </ClCompile>
    <ClCompile Include="FrameRateManager.cpp">
      <Filter>ZombiFPS\System\FrameRateManager</Filter>
    </ClCompile>
    <ClCompile Include="ImageDataManager.cpp">
      <Filter>ZombiFPS\System\DataLoad\ImageDataManager</Filter>
    </ClCompile>
    <ClCompile Include="ModleDataManager.cpp">
      <Filter>ZombiFPS\System\DataLoad\ModleDataManager</Filter>
    </ClCompile>
    <ClCompile Include="SoundDataManager.cpp">
      <Filter>ZombiFPS\System\DataLoad\SoundDataManager</Filter>
    </ClCompile>
    <ClCompile Include="EffectDataManager.cpp">
      <Filter>ZombiFPS\System\DataLoad\EffectDataManager</Filter>
    </ClCompile>
    <ClCompile Include="SoundPlayManager.cpp">
      <Filter>ZombiFPS\System\Sound</Filter>
    </ClCompile>
    <ClCompile Include="EffectPlayManager.cpp">
      <Filter>ZombiFPS\System\Effect</Filter>
    </ClCompile>
  </ItemGroup>
  <ItemGroup>
    <ClInclude Include="Game.h">
      <Filter>ZombiFPS\System\GameManager</Filter>
    </ClInclude>
    <ClInclude Include="Common.h">
      <Filter>ZombiFPS\System\GameManager</Filter>
    </ClInclude>
    <ClInclude Include="SceneBase.h">
      <Filter>ZombiFPS\System\Scene\SceneBase</Filter>
    </ClInclude>
    <ClInclude Include="SceneUIBase.h">
      <Filter>ZombiFPS\System\SceneUI\SceneUIBase</Filter>
    </ClInclude>
    <ClInclude Include="TitleScene.h">
      <Filter>ZombiFPS\System\Scene</Filter>
    </ClInclude>
    <ClInclude Include="GameScene.h">
      <Filter>ZombiFPS\System\Scene</Filter>
    </ClInclude>
    <ClInclude Include="ResultScene.h">
      <Filter>ZombiFPS\System\Scene</Filter>
    </ClInclude>
    <ClInclude Include="TitleSceneUI.h">
      <Filter>ZombiFPS\System\SceneUI</Filter>
    </ClInclude>
    <ClInclude Include="GameSceneUI.h">
      <Filter>ZombiFPS\System\SceneUI</Filter>
    </ClInclude>
    <ClInclude Include="ResultSceneUI.h">
      <Filter>ZombiFPS\System\SceneUI</Filter>
    </ClInclude>
    <ClInclude Include="FrameRateManager.h">
      <Filter>ZombiFPS\System\FrameRateManager</Filter>
    </ClInclude>
    <ClInclude Include="ImageDataManager.h">
      <Filter>ZombiFPS\System\DataLoad\ImageDataManager</Filter>
    </ClInclude>
    <ClInclude Include="ModleDataManager.h">
      <Filter>ZombiFPS\System\DataLoad\ModleDataManager</Filter>
    </ClInclude>
    <ClInclude Include="SoundDataManager.h">
      <Filter>ZombiFPS\System\DataLoad\SoundDataManager</Filter>
    </ClInclude>
    <ClInclude Include="EffectDataManager.h">
      <Filter>ZombiFPS\System\DataLoad\EffectDataManager</Filter>
    </ClInclude>
    <ClInclude Include="SoundPlayManager.h">
      <Filter>ZombiFPS\System\Sound</Filter>
    </ClInclude>
    <ClInclude Include="EffectPlayManager.h">
      <Filter>ZombiFPS\System\Effect</Filter>
    </ClInclude>
  </ItemGroup>
</Project>